
Microsoft Visual Studio Solution File, Format Version 12.00
# Visual Studio Version 17
VisualStudioVersion = 17.3.32825.248
MinimumVisualStudioVersion = 10.0.40219.1
Project("{9A19103F-16F7-4668-BE54-9A1E7A4F7556}") = "FinalProject", "FinalProject\FinalProject.csproj", "{A2528803-9209-4720-B30B-BC05876EF7D9}"
EndProject
Project("{FAE04EC0-301F-11D3-BF4B-00C04F79EFBC}") = "MvcClient", "MvcClient\MvcClient.csproj", "{92EA1C3A-0C27-491A-8A71-817D699C2936}"
EndProject
Global
	GlobalSection(SolutionConfigurationPlatforms) = preSolution
		Debug|Any CPU = Debug|Any CPU
		Release|Any CPU = Release|Any CPU
	EndGlobalSection
	GlobalSection(ProjectConfigurationPlatforms) = postSolution
		{A2528803-9209-4720-B30B-BC05876EF7D9}.Debug|Any CPU.ActiveCfg = Debug|Any CPU
		{A2528803-9209-4720-B30B-BC05876EF7D9}.Debug|Any CPU.Build.0 = Debug|Any CPU
		{A2528803-9209-4720-B30B-BC05876EF7D9}.Release|Any CPU.ActiveCfg = Release|Any CPU
		{A2528803-9209-4720-B30B-BC05876EF7D9}.Release|Any CPU.Build.0 = Release|Any CPU
		{92EA1C3A-0C27-491A-8A71-817D699C2936}.Debug|Any CPU.ActiveCfg = Debug|Any CPU
		{92EA1C3A-0C27-491A-8A71-817D699C2936}.Debug|Any CPU.Build.0 = Debug|Any CPU
		{92EA1C3A-0C27-491A-8A71-817D699C2936}.Release|Any CPU.ActiveCfg = Release|Any CPU
		{92EA1C3A-0C27-491A-8A71-817D699C2936}.Release|Any CPU.Build.0 = Release|Any CPU
	EndGlobalSection
	GlobalSection(SolutionProperties) = preSolution
		HideSolutionNode = FALSE
	EndGlobalSection
	GlobalSection(ExtensibilityGlobals) = postSolution
		SolutionGuid = {B0A903D7-CF03-4DBC-80CB-737FED306C4A}
	EndGlobalSection
EndGlobal
